
Microsoft Visual Studio Solution File, Format Version 12.00
# Visual Studio Version 17
VisualStudioVersion = 17.5.33516.290
MinimumVisualStudioVersion = 10.0.40219.1
Project("{FAE04EC0-301F-11D3-BF4B-00C04F79EFBC}") = "AspNetCore.WebAPI", "AspNetCore.WebAPI\AspNetCore.WebAPI.csproj", "{2C0351E8-0DF2-4930-993B-95014EFA11CA}"
EndProject
Global
	GlobalSection(SolutionConfigurationPlatforms) = preSolution
		Debug|Any CPU = Debug|Any CPU
		Release|Any CPU = Release|Any CPU
	EndGlobalSection
	GlobalSection(ProjectConfigurationPlatforms) = postSolution
		{2C0351E8-0DF2-4930-993B-95014EFA11CA}.Debug|Any CPU.ActiveCfg = Debug|Any CPU
		{2C0351E8-0DF2-4930-993B-95014EFA11CA}.Debug|Any CPU.Build.0 = Debug|Any CPU
		{2C0351E8-0DF2-4930-993B-95014EFA11CA}.Release|Any CPU.ActiveCfg = Release|Any CPU
		{2C0351E8-0DF2-4930-993B-95014EFA11CA}.Release|Any CPU.Build.0 = Release|Any CPU
	EndGlobalSection
	GlobalSection(SolutionProperties) = preSolution
		HideSolutionNode = FALSE
	EndGlobalSection
	GlobalSection(ExtensibilityGlobals) = postSolution
		SolutionGuid = {84BBBAFB-FC66-4BD1-A5D5-007CCC100FA8}
	EndGlobalSection
EndGlobal
